
Microsoft Visual Studio Solution File, Format Version 12.00
# Visual Studio Version 17
VisualStudioVersion = 17.0.31903.59
MinimumVisualStudioVersion = 10.0.40219.1
Project("{2150E333-8FDC-42A3-9474-1A3956D46DE8}") = "src", "src", "{827E0CD3-B72D-47B6-A68D-7590B98EB39B}"
EndProject
Project("{FAE04EC0-301F-11D3-BF4B-00C04F79EFBC}") = "NorthstarET.Lms.Domain", "src\NorthstarET.Lms.Domain\NorthstarET.Lms.Domain.csproj", "{BB9209CC-4DD0-47E7-B9A8-87DB4BD32F1B}"
EndProject
Project("{FAE04EC0-301F-11D3-BF4B-00C04F79EFBC}") = "NorthstarET.Lms.Application", "src\NorthstarET.Lms.Application\NorthstarET.Lms.Application.csproj", "{1C3FD79A-8330-4814-8E56-DFA1A81AB05E}"
EndProject
Project("{FAE04EC0-301F-11D3-BF4B-00C04F79EFBC}") = "NorthstarET.Lms.Infrastructure", "src\NorthstarET.Lms.Infrastructure\NorthstarET.Lms.Infrastructure.csproj", "{10FE415E-9658-4D42-BD94-17BD53B43C89}"
EndProject
Project("{FAE04EC0-301F-11D3-BF4B-00C04F79EFBC}") = "NorthstarET.Lms.Api", "src\NorthstarET.Lms.Api\NorthstarET.Lms.Api.csproj", "{9705298B-6E68-47A2-B74C-E801122B14EE}"
EndProject
Project("{FAE04EC0-301F-11D3-BF4B-00C04F79EFBC}") = "NorthstarET.Lms.AppHost", "src\NorthstarET.Lms.AppHost\NorthstarET.Lms.AppHost.csproj", "{4466C5B0-2141-42BF-8678-E3AC76611261}"
EndProject
Project("{2150E333-8FDC-42A3-9474-1A3956D46DE8}") = "tests", "tests", "{0AB3BF05-4346-4AA6-1389-037BE0695223}"
EndProject
Project("{FAE04EC0-301F-11D3-BF4B-00C04F79EFBC}") = "NorthstarET.Lms.Domain.Tests", "tests\NorthstarET.Lms.Domain.Tests\NorthstarET.Lms.Domain.Tests.csproj", "{7649F5CB-366A-42EC-8669-BC93B01C344F}"
EndProject
Project("{FAE04EC0-301F-11D3-BF4B-00C04F79EFBC}") = "NorthstarET.Lms.Application.Tests", "tests\NorthstarET.Lms.Application.Tests\NorthstarET.Lms.Application.Tests.csproj", "{F6DD1E36-8661-49B1-B72B-67D753223ECA}"
EndProject
Project("{FAE04EC0-301F-11D3-BF4B-00C04F79EFBC}") = "NorthstarET.Lms.Infrastructure.Tests", "tests\NorthstarET.Lms.Infrastructure.Tests\NorthstarET.Lms.Infrastructure.Tests.csproj", "{5FEC96BD-F08C-44C1-92F4-50F339906E4E}"
EndProject
Project("{FAE04EC0-301F-11D3-BF4B-00C04F79EFBC}") = "NorthstarET.Lms.Api.Tests", "tests\NorthstarET.Lms.Api.Tests\NorthstarET.Lms.Api.Tests.csproj", "{D4D98E61-02DA-431E-9B44-1917CEEF8222}"
EndProject
Global
	GlobalSection(SolutionConfigurationPlatforms) = preSolution
		Debug|Any CPU = Debug|Any CPU
		Debug|x64 = Debug|x64
		Debug|x86 = Debug|x86
		Release|Any CPU = Release|Any CPU
		Release|x64 = Release|x64
		Release|x86 = Release|x86
	EndGlobalSection
	GlobalSection(ProjectConfigurationPlatforms) = postSolution
		{BB9209CC-4DD0-47E7-B9A8-87DB4BD32F1B}.Debug|Any CPU.ActiveCfg = Debug|Any CPU
		{BB9209CC-4DD0-47E7-B9A8-87DB4BD32F1B}.Debug|Any CPU.Build.0 = Debug|Any CPU
		{BB9209CC-4DD0-47E7-B9A8-87DB4BD32F1B}.Debug|x64.ActiveCfg = Debug|Any CPU
		{BB9209CC-4DD0-47E7-B9A8-87DB4BD32F1B}.Debug|x64.Build.0 = Debug|Any CPU
		{BB9209CC-4DD0-47E7-B9A8-87DB4BD32F1B}.Debug|x86.ActiveCfg = Debug|Any CPU
		{BB9209CC-4DD0-47E7-B9A8-87DB4BD32F1B}.Debug|x86.Build.0 = Debug|Any CPU
		{BB9209CC-4DD0-47E7-B9A8-87DB4BD32F1B}.Release|Any CPU.ActiveCfg = Release|Any CPU
		{BB9209CC-4DD0-47E7-B9A8-87DB4BD32F1B}.Release|Any CPU.Build.0 = Release|Any CPU
		{BB9209CC-4DD0-47E7-B9A8-87DB4BD32F1B}.Release|x64.ActiveCfg = Release|Any CPU
		{BB9209CC-4DD0-47E7-B9A8-87DB4BD32F1B}.Release|x64.Build.0 = Release|Any CPU
		{BB9209CC-4DD0-47E7-B9A8-87DB4BD32F1B}.Release|x86.ActiveCfg = Release|Any CPU
		{BB9209CC-4DD0-47E7-B9A8-87DB4BD32F1B}.Release|x86.Build.0 = Release|Any CPU
		{1C3FD79A-8330-4814-8E56-DFA1A81AB05E}.Debug|Any CPU.ActiveCfg = Debug|Any CPU
		{1C3FD79A-8330-4814-8E56-DFA1A81AB05E}.Debug|Any CPU.Build.0 = Debug|Any CPU
		{1C3FD79A-8330-4814-8E56-DFA1A81AB05E}.Debug|x64.ActiveCfg = Debug|Any CPU
		{1C3FD79A-8330-4814-8E56-DFA1A81AB05E}.Debug|x64.Build.0 = Debug|Any CPU
		{1C3FD79A-8330-4814-8E56-DFA1A81AB05E}.Debug|x86.ActiveCfg = Debug|Any CPU
		{1C3FD79A-8330-4814-8E56-DFA1A81AB05E}.Debug|x86.Build.0 = Debug|Any CPU
		{1C3FD79A-8330-4814-8E56-DFA1A81AB05E}.Release|Any CPU.ActiveCfg = Release|Any CPU
		{1C3FD79A-8330-4814-8E56-DFA1A81AB05E}.Release|Any CPU.Build.0 = Release|Any CPU
		{1C3FD79A-8330-4814-8E56-DFA1A81AB05E}.Release|x64.ActiveCfg = Release|Any CPU
		{1C3FD79A-8330-4814-8E56-DFA1A81AB05E}.Release|x64.Build.0 = Release|Any CPU
		{1C3FD79A-8330-4814-8E56-DFA1A81AB05E}.Release|x86.ActiveCfg = Release|Any CPU
		{1C3FD79A-8330-4814-8E56-DFA1A81AB05E}.Release|x86.Build.0 = Release|Any CPU
		{10FE415E-9658-4D42-BD94-17BD53B43C89}.Debug|Any CPU.ActiveCfg = Debug|Any CPU
		{10FE415E-9658-4D42-BD94-17BD53B43C89}.Debug|Any CPU.Build.0 = Debug|Any CPU
		{10FE415E-9658-4D42-BD94-17BD53B43C89}.Debug|x64.ActiveCfg = Debug|Any CPU
		{10FE415E-9658-4D42-BD94-17BD53B43C89}.Debug|x64.Build.0 = Debug|Any CPU
		{10FE415E-9658-4D42-BD94-17BD53B43C89}.Debug|x86.ActiveCfg = Debug|Any CPU
		{10FE415E-9658-4D42-BD94-17BD53B43C89}.Debug|x86.Build.0 = Debug|Any CPU
		{10FE415E-9658-4D42-BD94-17BD53B43C89}.Release|Any CPU.ActiveCfg = Release|Any CPU
		{10FE415E-9658-4D42-BD94-17BD53B43C89}.Release|Any CPU.Build.0 = Release|Any CPU
		{10FE415E-9658-4D42-BD94-17BD53B43C89}.Release|x64.ActiveCfg = Release|Any CPU
		{10FE415E-9658-4D42-BD94-17BD53B43C89}.Release|x64.Build.0 = Release|Any CPU
		{10FE415E-9658-4D42-BD94-17BD53B43C89}.Release|x86.ActiveCfg = Release|Any CPU
		{10FE415E-9658-4D42-BD94-17BD53B43C89}.Release|x86.Build.0 = Release|Any CPU
		{9705298B-6E68-47A2-B74C-E801122B14EE}.Debug|Any CPU.ActiveCfg = Debug|Any CPU
		{9705298B-6E68-47A2-B74C-E801122B14EE}.Debug|Any CPU.Build.0 = Debug|Any CPU
		{9705298B-6E68-47A2-B74C-E801122B14EE}.Debug|x64.ActiveCfg = Debug|Any CPU
		{9705298B-6E68-47A2-B74C-E801122B14EE}.Debug|x64.Build.0 = Debug|Any CPU
		{9705298B-6E68-47A2-B74C-E801122B14EE}.Debug|x86.ActiveCfg = Debug|Any CPU
		{9705298B-6E68-47A2-B74C-E801122B14EE}.Debug|x86.Build.0 = Debug|Any CPU
		{9705298B-6E68-47A2-B74C-E801122B14EE}.Release|Any CPU.ActiveCfg = Release|Any CPU
		{9705298B-6E68-47A2-B74C-E801122B14EE}.Release|Any CPU.Build.0 = Release|Any CPU
		{9705298B-6E68-47A2-B74C-E801122B14EE}.Release|x64.ActiveCfg = Release|Any CPU
		{9705298B-6E68-47A2-B74C-E801122B14EE}.Release|x64.Build.0 = Release|Any CPU
		{9705298B-6E68-47A2-B74C-E801122B14EE}.Release|x86.ActiveCfg = Release|Any CPU
		{9705298B-6E68-47A2-B74C-E801122B14EE}.Release|x86.Build.0 = Release|Any CPU
		{4466C5B0-2141-42BF-8678-E3AC76611261}.Debug|Any CPU.ActiveCfg = Debug|Any CPU
		{4466C5B0-2141-42BF-8678-E3AC76611261}.Debug|Any CPU.Build.0 = Debug|Any CPU
		{4466C5B0-2141-42BF-8678-E3AC76611261}.Debug|x64.ActiveCfg = Debug|Any CPU
		{4466C5B0-2141-42BF-8678-E3AC76611261}.Debug|x64.Build.0 = Debug|Any CPU
		{4466C5B0-2141-42BF-8678-E3AC76611261}.Debug|x86.ActiveCfg = Debug|Any CPU
		{4466C5B0-2141-42BF-8678-E3AC76611261}.Debug|x86.Build.0 = Debug|Any CPU
		{4466C5B0-2141-42BF-8678-E3AC76611261}.Release|Any CPU.ActiveCfg = Release|Any CPU
		{4466C5B0-2141-42BF-8678-E3AC76611261}.Release|Any CPU.Build.0 = Release|Any CPU
		{4466C5B0-2141-42BF-8678-E3AC76611261}.Release|x64.ActiveCfg = Release|Any CPU
		{4466C5B0-2141-42BF-8678-E3AC76611261}.Release|x64.Build.0 = Release|Any CPU
		{4466C5B0-2141-42BF-8678-E3AC76611261}.Release|x86.ActiveCfg = Release|Any CPU
		{4466C5B0-2141-42BF-8678-E3AC76611261}.Release|x86.Build.0 = Release|Any CPU
		{7649F5CB-366A-42EC-8669-BC93B01C344F}.Debug|Any CPU.ActiveCfg = Debug|Any CPU
		{7649F5CB-366A-42EC-8669-BC93B01C344F}.Debug|Any CPU.Build.0 = Debug|Any CPU
		{7649F5CB-366A-42EC-8669-BC93B01C344F}.Debug|x64.ActiveCfg = Debug|Any CPU
		{7649F5CB-366A-42EC-8669-BC93B01C344F}.Debug|x64.Build.0 = Debug|Any CPU
		{7649F5CB-366A-42EC-8669-BC93B01C344F}.Debug|x86.ActiveCfg = Debug|Any CPU
		{7649F5CB-366A-42EC-8669-BC93B01C344F}.Debug|x86.Build.0 = Debug|Any CPU
		{7649F5CB-366A-42EC-8669-BC93B01C344F}.Release|Any CPU.ActiveCfg = Release|Any CPU
		{7649F5CB-366A-42EC-8669-BC93B01C344F}.Release|Any CPU.Build.0 = Release|Any CPU
		{7649F5CB-366A-42EC-8669-BC93B01C344F}.Release|x64.ActiveCfg = Release|Any CPU
		{7649F5CB-366A-42EC-8669-BC93B01C344F}.Release|x64.Build.0 = Release|Any CPU
		{7649F5CB-366A-42EC-8669-BC93B01C344F}.Release|x86.ActiveCfg = Release|Any CPU
		{7649F5CB-366A-42EC-8669-BC93B01C344F}.Release|x86.Build.0 = Release|Any CPU
		{F6DD1E36-8661-49B1-B72B-67D753223ECA}.Debug|Any CPU.ActiveCfg = Debug|Any CPU
		{F6DD1E36-8661-49B1-B72B-67D753223ECA}.Debug|Any CPU.Build.0 = Debug|Any CPU
		{F6DD1E36-8661-49B1-B72B-67D753223ECA}.Debug|x64.ActiveCfg = Debug|Any CPU
		{F6DD1E36-8661-49B1-B72B-67D753223ECA}.Debug|x64.Build.0 = Debug|Any CPU
		{F6DD1E36-8661-49B1-B72B-67D753223ECA}.Debug|x86.ActiveCfg = Debug|Any CPU
		{F6DD1E36-8661-49B1-B72B-67D753223ECA}.Debug|x86.Build.0 = Debug|Any CPU
		{F6DD1E36-8661-49B1-B72B-67D753223ECA}.Release|Any CPU.ActiveCfg = Release|Any CPU
		{F6DD1E36-8661-49B1-B72B-67D753223ECA}.Release|Any CPU.Build.0 = Release|Any CPU
		{F6DD1E36-8661-49B1-B72B-67D753223ECA}.Release|x64.ActiveCfg = Release|Any CPU
		{F6DD1E36-8661-49B1-B72B-67D753223ECA}.Release|x64.Build.0 = Release|Any CPU
		{F6DD1E36-8661-49B1-B72B-67D753223ECA}.Release|x86.ActiveCfg = Release|Any CPU
		{F6DD1E36-8661-49B1-B72B-67D753223ECA}.Release|x86.Build.0 = Release|Any CPU
		{5FEC96BD-F08C-44C1-92F4-50F339906E4E}.Debug|Any CPU.ActiveCfg = Debug|Any CPU
		{5FEC96BD-F08C-44C1-92F4-50F339906E4E}.Debug|Any CPU.Build.0 = Debug|Any CPU
		{5FEC96BD-F08C-44C1-92F4-50F339906E4E}.Debug|x64.ActiveCfg = Debug|Any CPU
		{5FEC96BD-F08C-44C1-92F4-50F339906E4E}.Debug|x64.Build.0 = Debug|Any CPU
		{5FEC96BD-F08C-44C1-92F4-50F339906E4E}.Debug|x86.ActiveCfg = Debug|Any CPU
		{5FEC96BD-F08C-44C1-92F4-50F339906E4E}.Debug|x86.Build.0 = Debug|Any CPU
		{5FEC96BD-F08C-44C1-92F4-50F339906E4E}.Release|Any CPU.ActiveCfg = Release|Any CPU
		{5FEC96BD-F08C-44C1-92F4-50F339906E4E}.Release|Any CPU.Build.0 = Release|Any CPU
		{5FEC96BD-F08C-44C1-92F4-50F339906E4E}.Release|x64.ActiveCfg = Release|Any CPU
		{5FEC96BD-F08C-44C1-92F4-50F339906E4E}.Release|x64.Build.0 = Release|Any CPU
		{5FEC96BD-F08C-44C1-92F4-50F339906E4E}.Release|x86.ActiveCfg = Release|Any CPU
		{5FEC96BD-F08C-44C1-92F4-50F339906E4E}.Release|x86.Build.0 = Release|Any CPU
		{D4D98E61-02DA-431E-9B44-1917CEEF8222}.Debug|Any CPU.ActiveCfg = Debug|Any CPU
		{D4D98E61-02DA-431E-9B44-1917CEEF8222}.Debug|Any CPU.Build.0 = Debug|Any CPU
		{D4D98E61-02DA-431E-9B44-1917CEEF8222}.Debug|x64.ActiveCfg = Debug|Any CPU
		{D4D98E61-02DA-431E-9B44-1917CEEF8222}.Debug|x64.Build.0 = Debug|Any CPU
		{D4D98E61-02DA-431E-9B44-1917CEEF8222}.Debug|x86.ActiveCfg = Debug|Any CPU
		{D4D98E61-02DA-431E-9B44-1917CEEF8222}.Debug|x86.Build.0 = Debug|Any CPU
		{D4D98E61-02DA-431E-9B44-1917CEEF8222}.Release|Any CPU.ActiveCfg = Release|Any CPU
		{D4D98E61-02DA-431E-9B44-1917CEEF8222}.Release|Any CPU.Build.0 = Release|Any CPU
		{D4D98E61-02DA-431E-9B44-1917CEEF8222}.Release|x64.ActiveCfg = Release|Any CPU
		{D4D98E61-02DA-431E-9B44-1917CEEF8222}.Release|x64.Build.0 = Release|Any CPU
		{D4D98E61-02DA-431E-9B44-1917CEEF8222}.Release|x86.ActiveCfg = Release|Any CPU
		{D4D98E61-02DA-431E-9B44-1917CEEF8222}.Release|x86.Build.0 = Release|Any CPU
	EndGlobalSection
	GlobalSection(SolutionProperties) = preSolution
		HideSolutionNode = FALSE
	EndGlobalSection
	GlobalSection(NestedProjects) = preSolution
		{BB9209CC-4DD0-47E7-B9A8-87DB4BD32F1B} = {827E0CD3-B72D-47B6-A68D-7590B98EB39B}
		{1C3FD79A-8330-4814-8E56-DFA1A81AB05E} = {827E0CD3-B72D-47B6-A68D-7590B98EB39B}
		{10FE415E-9658-4D42-BD94-17BD53B43C89} = {827E0CD3-B72D-47B6-A68D-7590B98EB39B}
		{9705298B-6E68-47A2-B74C-E801122B14EE} = {827E0CD3-B72D-47B6-A68D-7590B98EB39B}
		{4466C5B0-2141-42BF-8678-E3AC76611261} = {827E0CD3-B72D-47B6-A68D-7590B98EB39B}
		{7649F5CB-366A-42EC-8669-BC93B01C344F} = {0AB3BF05-4346-4AA6-1389-037BE0695223}
		{F6DD1E36-8661-49B1-B72B-67D753223ECA} = {0AB3BF05-4346-4AA6-1389-037BE0695223}
		{5FEC96BD-F08C-44C1-92F4-50F339906E4E} = {0AB3BF05-4346-4AA6-1389-037BE0695223}
		{D4D98E61-02DA-431E-9B44-1917CEEF8222} = {0AB3BF05-4346-4AA6-1389-037BE0695223}
	EndGlobalSection
EndGlobal
