
Microsoft Visual Studio Solution File, Format Version 12.00
# Visual Studio Version 17
VisualStudioVersion = 17.0.31903.59
MinimumVisualStudioVersion = 10.0.40219.1
Project("{2150E333-8FDC-42A3-9474-1A3956D46DE8}") = "src", "src", "{827E0CD3-B72D-47B6-A68D-7590B98EB39B}"
EndProject
Project("{2150E333-8FDC-42A3-9474-1A3956D46DE8}") = "Domain", "Domain", "{8B290487-4C16-E85E-E807-F579CBE9FC4D}"
EndProject
Project("{FAE04EC0-301F-11D3-BF4B-00C04F79EFBC}") = "NorthstarET.Lms.Domain", "src\Domain\NorthstarET.Lms.Domain.csproj", "{934BCBDD-9FF1-4613-9FA0-03F24616ED22}"
EndProject
Project("{2150E333-8FDC-42A3-9474-1A3956D46DE8}") = "Application", "Application", "{22BAF98C-8415-17C4-B26A-D537657BC863}"
EndProject
Project("{FAE04EC0-301F-11D3-BF4B-00C04F79EFBC}") = "NorthstarET.Lms.Application", "src\Application\NorthstarET.Lms.Application.csproj", "{B3D7519A-2F14-4E41-B649-55B257D0FB1A}"
EndProject
Project("{2150E333-8FDC-42A3-9474-1A3956D46DE8}") = "Infrastructure", "Infrastructure", "{9048EB7F-3875-A59E-E36B-5BD4C6F2A282}"
EndProject
Project("{FAE04EC0-301F-11D3-BF4B-00C04F79EFBC}") = "NorthstarET.Lms.Infrastructure", "src\Infrastructure\NorthstarET.Lms.Infrastructure.csproj", "{3CC8E891-1194-433B-8E6A-AA25E23F51E3}"
EndProject
Project("{2150E333-8FDC-42A3-9474-1A3956D46DE8}") = "Presentation", "Presentation", "{6996BBF7-DB31-59BC-C7DD-9A7CCC6138C4}"
EndProject
Project("{2150E333-8FDC-42A3-9474-1A3956D46DE8}") = "Api", "Api", "{F830D33E-2158-97E9-31D2-79AFF3EE4A41}"
EndProject
Project("{FAE04EC0-301F-11D3-BF4B-00C04F79EFBC}") = "NorthstarET.Lms.Api", "src\Presentation\Api\NorthstarET.Lms.Api.csproj", "{D149BF5C-A961-42AD-84E6-9548B8FF6CB3}"
EndProject
Project("{2150E333-8FDC-42A3-9474-1A3956D46DE8}") = "Aspire", "Aspire", "{E23610E5-F02B-8D9D-38E4-94D6D32A024E}"
EndProject
Project("{2150E333-8FDC-42A3-9474-1A3956D46DE8}") = "AppHost", "AppHost", "{3D2D8E80-2B6D-9F1B-A17D-BC3457681106}"
EndProject
Project("{FAE04EC0-301F-11D3-BF4B-00C04F79EFBC}") = "NorthstarET.Lms.AppHost", "src\Presentation\Aspire\AppHost\NorthstarET.Lms.AppHost.csproj", "{1857C86E-8C6C-4DE3-BB31-A01AF093D5CF}"
EndProject
Project("{2150E333-8FDC-42A3-9474-1A3956D46DE8}") = "tests", "tests", "{0AB3BF05-4346-4AA6-1389-037BE0695223}"
EndProject
Project("{2150E333-8FDC-42A3-9474-1A3956D46DE8}") = "Domain", "Domain", "{AA729693-B437-D1F0-D453-A817F88C4370}"
EndProject
Project("{FAE04EC0-301F-11D3-BF4B-00C04F79EFBC}") = "NorthstarET.Lms.Domain.Tests", "tests\Domain\NorthstarET.Lms.Domain.Tests.csproj", "{EED91204-02EC-4B52-AAF7-4945396CF94B}"
EndProject
Project("{2150E333-8FDC-42A3-9474-1A3956D46DE8}") = "Application", "Application", "{B611CC27-D592-8FDF-F9F1-D39D131BCC02}"
EndProject
Project("{FAE04EC0-301F-11D3-BF4B-00C04F79EFBC}") = "NorthstarET.Lms.Application.Tests", "tests\Application\NorthstarET.Lms.Application.Tests.csproj", "{C69BBB78-A401-4CD9-8EA2-C92C7ED4373F}"
EndProject
Project("{2150E333-8FDC-42A3-9474-1A3956D46DE8}") = "Infrastructure", "Infrastructure", "{2CDFC2B4-03A0-2A52-1000-A892D95DD3FA}"
EndProject
Project("{FAE04EC0-301F-11D3-BF4B-00C04F79EFBC}") = "NorthstarET.Lms.Infrastructure.Tests", "tests\Infrastructure\NorthstarET.Lms.Infrastructure.Tests.csproj", "{2BC8ED89-1E77-48BF-ABCB-75C680D9EA33}"
EndProject
Project("{2150E333-8FDC-42A3-9474-1A3956D46DE8}") = "Presentation", "Presentation", "{A63B96E9-70FC-0FDC-3588-905A57B46513}"
EndProject
Project("{FAE04EC0-301F-11D3-BF4B-00C04F79EFBC}") = "NorthstarET.Lms.Presentation.Tests", "tests\Presentation\NorthstarET.Lms.Presentation.Tests.csproj", "{8E50DF78-AEBE-4027-8A91-853E6AC72102}"
EndProject
Project("{2150E333-8FDC-42A3-9474-1A3956D46DE8}") = "Bdd", "Bdd", "{AFDD3D11-3A11-3EE8-303B-8532439C759A}"
EndProject
Project("{FAE04EC0-301F-11D3-BF4B-00C04F79EFBC}") = "NorthstarET.Lms.Bdd.Tests", "tests\Bdd\NorthstarET.Lms.Bdd.Tests.csproj", "{42A820D9-71D5-4CB6-900D-2EA994528F07}"
EndProject
Project("{2150E333-8FDC-42A3-9474-1A3956D46DE8}") = "tools", "tools", "{07C2787E-EAC7-C090-1BA3-A61EC2A24D84}"
EndProject
Project("{2150E333-8FDC-42A3-9474-1A3956D46DE8}") = "Admin", "Admin", "{D3D86943-F5C8-529E-3A92-4AFE7D51AE3F}"
EndProject
Project("{FAE04EC0-301F-11D3-BF4B-00C04F79EFBC}") = "NorthstarET.Lms.AdminCli", "tools\Admin\NorthstarET.Lms.AdminCli.csproj", "{21A3BAD9-EB71-4750-BBFA-8021E142CB90}"
EndProject
Project("{2150E333-8FDC-42A3-9474-1A3956D46DE8}") = "TenantSmoke", "TenantSmoke", "{18346877-65DC-0FB1-652E-EE105AAD1AAF}"
EndProject
Project("{FAE04EC0-301F-11D3-BF4B-00C04F79EFBC}") = "NorthstarET.Lms.TenantSmoke", "tools\TenantSmoke\NorthstarET.Lms.TenantSmoke.csproj", "{71BEA764-8379-4696-AF0C-2EB6F0A94758}"
EndProject
Global
	GlobalSection(SolutionConfigurationPlatforms) = preSolution
		Debug|Any CPU = Debug|Any CPU
		Debug|x64 = Debug|x64
		Debug|x86 = Debug|x86
		Release|Any CPU = Release|Any CPU
		Release|x64 = Release|x64
		Release|x86 = Release|x86
	EndGlobalSection
	GlobalSection(ProjectConfigurationPlatforms) = postSolution
		{934BCBDD-9FF1-4613-9FA0-03F24616ED22}.Debug|Any CPU.ActiveCfg = Debug|Any CPU
		{934BCBDD-9FF1-4613-9FA0-03F24616ED22}.Debug|Any CPU.Build.0 = Debug|Any CPU
		{934BCBDD-9FF1-4613-9FA0-03F24616ED22}.Debug|x64.ActiveCfg = Debug|Any CPU
		{934BCBDD-9FF1-4613-9FA0-03F24616ED22}.Debug|x64.Build.0 = Debug|Any CPU
		{934BCBDD-9FF1-4613-9FA0-03F24616ED22}.Debug|x86.ActiveCfg = Debug|Any CPU
		{934BCBDD-9FF1-4613-9FA0-03F24616ED22}.Debug|x86.Build.0 = Debug|Any CPU
		{934BCBDD-9FF1-4613-9FA0-03F24616ED22}.Release|Any CPU.ActiveCfg = Release|Any CPU
		{934BCBDD-9FF1-4613-9FA0-03F24616ED22}.Release|Any CPU.Build.0 = Release|Any CPU
		{934BCBDD-9FF1-4613-9FA0-03F24616ED22}.Release|x64.ActiveCfg = Release|Any CPU
		{934BCBDD-9FF1-4613-9FA0-03F24616ED22}.Release|x64.Build.0 = Release|Any CPU
		{934BCBDD-9FF1-4613-9FA0-03F24616ED22}.Release|x86.ActiveCfg = Release|Any CPU
		{934BCBDD-9FF1-4613-9FA0-03F24616ED22}.Release|x86.Build.0 = Release|Any CPU
		{B3D7519A-2F14-4E41-B649-55B257D0FB1A}.Debug|Any CPU.ActiveCfg = Debug|Any CPU
		{B3D7519A-2F14-4E41-B649-55B257D0FB1A}.Debug|Any CPU.Build.0 = Debug|Any CPU
		{B3D7519A-2F14-4E41-B649-55B257D0FB1A}.Debug|x64.ActiveCfg = Debug|Any CPU
		{B3D7519A-2F14-4E41-B649-55B257D0FB1A}.Debug|x64.Build.0 = Debug|Any CPU
		{B3D7519A-2F14-4E41-B649-55B257D0FB1A}.Debug|x86.ActiveCfg = Debug|Any CPU
		{B3D7519A-2F14-4E41-B649-55B257D0FB1A}.Debug|x86.Build.0 = Debug|Any CPU
		{B3D7519A-2F14-4E41-B649-55B257D0FB1A}.Release|Any CPU.ActiveCfg = Release|Any CPU
		{B3D7519A-2F14-4E41-B649-55B257D0FB1A}.Release|Any CPU.Build.0 = Release|Any CPU
		{B3D7519A-2F14-4E41-B649-55B257D0FB1A}.Release|x64.ActiveCfg = Release|Any CPU
		{B3D7519A-2F14-4E41-B649-55B257D0FB1A}.Release|x64.Build.0 = Release|Any CPU
		{B3D7519A-2F14-4E41-B649-55B257D0FB1A}.Release|x86.ActiveCfg = Release|Any CPU
		{B3D7519A-2F14-4E41-B649-55B257D0FB1A}.Release|x86.Build.0 = Release|Any CPU
		{3CC8E891-1194-433B-8E6A-AA25E23F51E3}.Debug|Any CPU.ActiveCfg = Debug|Any CPU
		{3CC8E891-1194-433B-8E6A-AA25E23F51E3}.Debug|Any CPU.Build.0 = Debug|Any CPU
		{3CC8E891-1194-433B-8E6A-AA25E23F51E3}.Debug|x64.ActiveCfg = Debug|Any CPU
		{3CC8E891-1194-433B-8E6A-AA25E23F51E3}.Debug|x64.Build.0 = Debug|Any CPU
		{3CC8E891-1194-433B-8E6A-AA25E23F51E3}.Debug|x86.ActiveCfg = Debug|Any CPU
		{3CC8E891-1194-433B-8E6A-AA25E23F51E3}.Debug|x86.Build.0 = Debug|Any CPU
		{3CC8E891-1194-433B-8E6A-AA25E23F51E3}.Release|Any CPU.ActiveCfg = Release|Any CPU
		{3CC8E891-1194-433B-8E6A-AA25E23F51E3}.Release|Any CPU.Build.0 = Release|Any CPU
		{3CC8E891-1194-433B-8E6A-AA25E23F51E3}.Release|x64.ActiveCfg = Release|Any CPU
		{3CC8E891-1194-433B-8E6A-AA25E23F51E3}.Release|x64.Build.0 = Release|Any CPU
		{3CC8E891-1194-433B-8E6A-AA25E23F51E3}.Release|x86.ActiveCfg = Release|Any CPU
		{3CC8E891-1194-433B-8E6A-AA25E23F51E3}.Release|x86.Build.0 = Release|Any CPU
		{D149BF5C-A961-42AD-84E6-9548B8FF6CB3}.Debug|Any CPU.ActiveCfg = Debug|Any CPU
		{D149BF5C-A961-42AD-84E6-9548B8FF6CB3}.Debug|Any CPU.Build.0 = Debug|Any CPU
		{D149BF5C-A961-42AD-84E6-9548B8FF6CB3}.Debug|x64.ActiveCfg = Debug|Any CPU
		{D149BF5C-A961-42AD-84E6-9548B8FF6CB3}.Debug|x64.Build.0 = Debug|Any CPU
		{D149BF5C-A961-42AD-84E6-9548B8FF6CB3}.Debug|x86.ActiveCfg = Debug|Any CPU
		{D149BF5C-A961-42AD-84E6-9548B8FF6CB3}.Debug|x86.Build.0 = Debug|Any CPU
		{D149BF5C-A961-42AD-84E6-9548B8FF6CB3}.Release|Any CPU.ActiveCfg = Release|Any CPU
		{D149BF5C-A961-42AD-84E6-9548B8FF6CB3}.Release|Any CPU.Build.0 = Release|Any CPU
		{D149BF5C-A961-42AD-84E6-9548B8FF6CB3}.Release|x64.ActiveCfg = Release|Any CPU
		{D149BF5C-A961-42AD-84E6-9548B8FF6CB3}.Release|x64.Build.0 = Release|Any CPU
		{D149BF5C-A961-42AD-84E6-9548B8FF6CB3}.Release|x86.ActiveCfg = Release|Any CPU
		{D149BF5C-A961-42AD-84E6-9548B8FF6CB3}.Release|x86.Build.0 = Release|Any CPU
		{1857C86E-8C6C-4DE3-BB31-A01AF093D5CF}.Debug|Any CPU.ActiveCfg = Debug|Any CPU
		{1857C86E-8C6C-4DE3-BB31-A01AF093D5CF}.Debug|Any CPU.Build.0 = Debug|Any CPU
		{1857C86E-8C6C-4DE3-BB31-A01AF093D5CF}.Debug|x64.ActiveCfg = Debug|Any CPU
		{1857C86E-8C6C-4DE3-BB31-A01AF093D5CF}.Debug|x64.Build.0 = Debug|Any CPU
		{1857C86E-8C6C-4DE3-BB31-A01AF093D5CF}.Debug|x86.ActiveCfg = Debug|Any CPU
		{1857C86E-8C6C-4DE3-BB31-A01AF093D5CF}.Debug|x86.Build.0 = Debug|Any CPU
		{1857C86E-8C6C-4DE3-BB31-A01AF093D5CF}.Release|Any CPU.ActiveCfg = Release|Any CPU
		{1857C86E-8C6C-4DE3-BB31-A01AF093D5CF}.Release|Any CPU.Build.0 = Release|Any CPU
		{1857C86E-8C6C-4DE3-BB31-A01AF093D5CF}.Release|x64.ActiveCfg = Release|Any CPU
		{1857C86E-8C6C-4DE3-BB31-A01AF093D5CF}.Release|x64.Build.0 = Release|Any CPU
		{1857C86E-8C6C-4DE3-BB31-A01AF093D5CF}.Release|x86.ActiveCfg = Release|Any CPU
		{1857C86E-8C6C-4DE3-BB31-A01AF093D5CF}.Release|x86.Build.0 = Release|Any CPU
		{EED91204-02EC-4B52-AAF7-4945396CF94B}.Debug|Any CPU.ActiveCfg = Debug|Any CPU
		{EED91204-02EC-4B52-AAF7-4945396CF94B}.Debug|Any CPU.Build.0 = Debug|Any CPU
		{EED91204-02EC-4B52-AAF7-4945396CF94B}.Debug|x64.ActiveCfg = Debug|Any CPU
		{EED91204-02EC-4B52-AAF7-4945396CF94B}.Debug|x64.Build.0 = Debug|Any CPU
		{EED91204-02EC-4B52-AAF7-4945396CF94B}.Debug|x86.ActiveCfg = Debug|Any CPU
		{EED91204-02EC-4B52-AAF7-4945396CF94B}.Debug|x86.Build.0 = Debug|Any CPU
		{EED91204-02EC-4B52-AAF7-4945396CF94B}.Release|Any CPU.ActiveCfg = Release|Any CPU
		{EED91204-02EC-4B52-AAF7-4945396CF94B}.Release|Any CPU.Build.0 = Release|Any CPU
		{EED91204-02EC-4B52-AAF7-4945396CF94B}.Release|x64.ActiveCfg = Release|Any CPU
		{EED91204-02EC-4B52-AAF7-4945396CF94B}.Release|x64.Build.0 = Release|Any CPU
		{EED91204-02EC-4B52-AAF7-4945396CF94B}.Release|x86.ActiveCfg = Release|Any CPU
		{EED91204-02EC-4B52-AAF7-4945396CF94B}.Release|x86.Build.0 = Release|Any CPU
		{C69BBB78-A401-4CD9-8EA2-C92C7ED4373F}.Debug|Any CPU.ActiveCfg = Debug|Any CPU
		{C69BBB78-A401-4CD9-8EA2-C92C7ED4373F}.Debug|Any CPU.Build.0 = Debug|Any CPU
		{C69BBB78-A401-4CD9-8EA2-C92C7ED4373F}.Debug|x64.ActiveCfg = Debug|Any CPU
		{C69BBB78-A401-4CD9-8EA2-C92C7ED4373F}.Debug|x64.Build.0 = Debug|Any CPU
		{C69BBB78-A401-4CD9-8EA2-C92C7ED4373F}.Debug|x86.ActiveCfg = Debug|Any CPU
		{C69BBB78-A401-4CD9-8EA2-C92C7ED4373F}.Debug|x86.Build.0 = Debug|Any CPU
		{C69BBB78-A401-4CD9-8EA2-C92C7ED4373F}.Release|Any CPU.ActiveCfg = Release|Any CPU
		{C69BBB78-A401-4CD9-8EA2-C92C7ED4373F}.Release|Any CPU.Build.0 = Release|Any CPU
		{C69BBB78-A401-4CD9-8EA2-C92C7ED4373F}.Release|x64.ActiveCfg = Release|Any CPU
		{C69BBB78-A401-4CD9-8EA2-C92C7ED4373F}.Release|x64.Build.0 = Release|Any CPU
		{C69BBB78-A401-4CD9-8EA2-C92C7ED4373F}.Release|x86.ActiveCfg = Release|Any CPU
		{C69BBB78-A401-4CD9-8EA2-C92C7ED4373F}.Release|x86.Build.0 = Release|Any CPU
		{2BC8ED89-1E77-48BF-ABCB-75C680D9EA33}.Debug|Any CPU.ActiveCfg = Debug|Any CPU
		{2BC8ED89-1E77-48BF-ABCB-75C680D9EA33}.Debug|Any CPU.Build.0 = Debug|Any CPU
		{2BC8ED89-1E77-48BF-ABCB-75C680D9EA33}.Debug|x64.ActiveCfg = Debug|Any CPU
		{2BC8ED89-1E77-48BF-ABCB-75C680D9EA33}.Debug|x64.Build.0 = Debug|Any CPU
		{2BC8ED89-1E77-48BF-ABCB-75C680D9EA33}.Debug|x86.ActiveCfg = Debug|Any CPU
		{2BC8ED89-1E77-48BF-ABCB-75C680D9EA33}.Debug|x86.Build.0 = Debug|Any CPU
		{2BC8ED89-1E77-48BF-ABCB-75C680D9EA33}.Release|Any CPU.ActiveCfg = Release|Any CPU
		{2BC8ED89-1E77-48BF-ABCB-75C680D9EA33}.Release|Any CPU.Build.0 = Release|Any CPU
		{2BC8ED89-1E77-48BF-ABCB-75C680D9EA33}.Release|x64.ActiveCfg = Release|Any CPU
		{2BC8ED89-1E77-48BF-ABCB-75C680D9EA33}.Release|x64.Build.0 = Release|Any CPU
		{2BC8ED89-1E77-48BF-ABCB-75C680D9EA33}.Release|x86.ActiveCfg = Release|Any CPU
		{2BC8ED89-1E77-48BF-ABCB-75C680D9EA33}.Release|x86.Build.0 = Release|Any CPU
		{8E50DF78-AEBE-4027-8A91-853E6AC72102}.Debug|Any CPU.ActiveCfg = Debug|Any CPU
		{8E50DF78-AEBE-4027-8A91-853E6AC72102}.Debug|Any CPU.Build.0 = Debug|Any CPU
		{8E50DF78-AEBE-4027-8A91-853E6AC72102}.Debug|x64.ActiveCfg = Debug|Any CPU
		{8E50DF78-AEBE-4027-8A91-853E6AC72102}.Debug|x64.Build.0 = Debug|Any CPU
		{8E50DF78-AEBE-4027-8A91-853E6AC72102}.Debug|x86.ActiveCfg = Debug|Any CPU
		{8E50DF78-AEBE-4027-8A91-853E6AC72102}.Debug|x86.Build.0 = Debug|Any CPU
		{8E50DF78-AEBE-4027-8A91-853E6AC72102}.Release|Any CPU.ActiveCfg = Release|Any CPU
		{8E50DF78-AEBE-4027-8A91-853E6AC72102}.Release|Any CPU.Build.0 = Release|Any CPU
		{8E50DF78-AEBE-4027-8A91-853E6AC72102}.Release|x64.ActiveCfg = Release|Any CPU
		{8E50DF78-AEBE-4027-8A91-853E6AC72102}.Release|x64.Build.0 = Release|Any CPU
		{8E50DF78-AEBE-4027-8A91-853E6AC72102}.Release|x86.ActiveCfg = Release|Any CPU
		{8E50DF78-AEBE-4027-8A91-853E6AC72102}.Release|x86.Build.0 = Release|Any CPU
		{42A820D9-71D5-4CB6-900D-2EA994528F07}.Debug|Any CPU.ActiveCfg = Debug|Any CPU
		{42A820D9-71D5-4CB6-900D-2EA994528F07}.Debug|Any CPU.Build.0 = Debug|Any CPU
		{42A820D9-71D5-4CB6-900D-2EA994528F07}.Debug|x64.ActiveCfg = Debug|Any CPU
		{42A820D9-71D5-4CB6-900D-2EA994528F07}.Debug|x64.Build.0 = Debug|Any CPU
		{42A820D9-71D5-4CB6-900D-2EA994528F07}.Debug|x86.ActiveCfg = Debug|Any CPU
		{42A820D9-71D5-4CB6-900D-2EA994528F07}.Debug|x86.Build.0 = Debug|Any CPU
		{42A820D9-71D5-4CB6-900D-2EA994528F07}.Release|Any CPU.ActiveCfg = Release|Any CPU
		{42A820D9-71D5-4CB6-900D-2EA994528F07}.Release|Any CPU.Build.0 = Release|Any CPU
		{42A820D9-71D5-4CB6-900D-2EA994528F07}.Release|x64.ActiveCfg = Release|Any CPU
		{42A820D9-71D5-4CB6-900D-2EA994528F07}.Release|x64.Build.0 = Release|Any CPU
		{42A820D9-71D5-4CB6-900D-2EA994528F07}.Release|x86.ActiveCfg = Release|Any CPU
		{42A820D9-71D5-4CB6-900D-2EA994528F07}.Release|x86.Build.0 = Release|Any CPU
		{21A3BAD9-EB71-4750-BBFA-8021E142CB90}.Debug|Any CPU.ActiveCfg = Debug|Any CPU
		{21A3BAD9-EB71-4750-BBFA-8021E142CB90}.Debug|Any CPU.Build.0 = Debug|Any CPU
		{21A3BAD9-EB71-4750-BBFA-8021E142CB90}.Debug|x64.ActiveCfg = Debug|Any CPU
		{21A3BAD9-EB71-4750-BBFA-8021E142CB90}.Debug|x64.Build.0 = Debug|Any CPU
		{21A3BAD9-EB71-4750-BBFA-8021E142CB90}.Debug|x86.ActiveCfg = Debug|Any CPU
		{21A3BAD9-EB71-4750-BBFA-8021E142CB90}.Debug|x86.Build.0 = Debug|Any CPU
		{21A3BAD9-EB71-4750-BBFA-8021E142CB90}.Release|Any CPU.ActiveCfg = Release|Any CPU
		{21A3BAD9-EB71-4750-BBFA-8021E142CB90}.Release|Any CPU.Build.0 = Release|Any CPU
		{21A3BAD9-EB71-4750-BBFA-8021E142CB90}.Release|x64.ActiveCfg = Release|Any CPU
		{21A3BAD9-EB71-4750-BBFA-8021E142CB90}.Release|x64.Build.0 = Release|Any CPU
		{21A3BAD9-EB71-4750-BBFA-8021E142CB90}.Release|x86.ActiveCfg = Release|Any CPU
		{21A3BAD9-EB71-4750-BBFA-8021E142CB90}.Release|x86.Build.0 = Release|Any CPU
		{71BEA764-8379-4696-AF0C-2EB6F0A94758}.Debug|Any CPU.ActiveCfg = Debug|Any CPU
		{71BEA764-8379-4696-AF0C-2EB6F0A94758}.Debug|Any CPU.Build.0 = Debug|Any CPU
		{71BEA764-8379-4696-AF0C-2EB6F0A94758}.Debug|x64.ActiveCfg = Debug|Any CPU
		{71BEA764-8379-4696-AF0C-2EB6F0A94758}.Debug|x64.Build.0 = Debug|Any CPU
		{71BEA764-8379-4696-AF0C-2EB6F0A94758}.Debug|x86.ActiveCfg = Debug|Any CPU
		{71BEA764-8379-4696-AF0C-2EB6F0A94758}.Debug|x86.Build.0 = Debug|Any CPU
		{71BEA764-8379-4696-AF0C-2EB6F0A94758}.Release|Any CPU.ActiveCfg = Release|Any CPU
		{71BEA764-8379-4696-AF0C-2EB6F0A94758}.Release|Any CPU.Build.0 = Release|Any CPU
		{71BEA764-8379-4696-AF0C-2EB6F0A94758}.Release|x64.ActiveCfg = Release|Any CPU
		{71BEA764-8379-4696-AF0C-2EB6F0A94758}.Release|x64.Build.0 = Release|Any CPU
		{71BEA764-8379-4696-AF0C-2EB6F0A94758}.Release|x86.ActiveCfg = Release|Any CPU
		{71BEA764-8379-4696-AF0C-2EB6F0A94758}.Release|x86.Build.0 = Release|Any CPU
	EndGlobalSection
	GlobalSection(SolutionProperties) = preSolution
		HideSolutionNode = FALSE
	EndGlobalSection
	GlobalSection(NestedProjects) = preSolution
		{8B290487-4C16-E85E-E807-F579CBE9FC4D} = {827E0CD3-B72D-47B6-A68D-7590B98EB39B}
		{934BCBDD-9FF1-4613-9FA0-03F24616ED22} = {8B290487-4C16-E85E-E807-F579CBE9FC4D}
		{22BAF98C-8415-17C4-B26A-D537657BC863} = {827E0CD3-B72D-47B6-A68D-7590B98EB39B}
		{B3D7519A-2F14-4E41-B649-55B257D0FB1A} = {22BAF98C-8415-17C4-B26A-D537657BC863}
		{9048EB7F-3875-A59E-E36B-5BD4C6F2A282} = {827E0CD3-B72D-47B6-A68D-7590B98EB39B}
		{3CC8E891-1194-433B-8E6A-AA25E23F51E3} = {9048EB7F-3875-A59E-E36B-5BD4C6F2A282}
		{6996BBF7-DB31-59BC-C7DD-9A7CCC6138C4} = {827E0CD3-B72D-47B6-A68D-7590B98EB39B}
		{F830D33E-2158-97E9-31D2-79AFF3EE4A41} = {6996BBF7-DB31-59BC-C7DD-9A7CCC6138C4}
		{D149BF5C-A961-42AD-84E6-9548B8FF6CB3} = {F830D33E-2158-97E9-31D2-79AFF3EE4A41}
		{E23610E5-F02B-8D9D-38E4-94D6D32A024E} = {6996BBF7-DB31-59BC-C7DD-9A7CCC6138C4}
		{3D2D8E80-2B6D-9F1B-A17D-BC3457681106} = {E23610E5-F02B-8D9D-38E4-94D6D32A024E}
		{1857C86E-8C6C-4DE3-BB31-A01AF093D5CF} = {3D2D8E80-2B6D-9F1B-A17D-BC3457681106}
		{AA729693-B437-D1F0-D453-A817F88C4370} = {0AB3BF05-4346-4AA6-1389-037BE0695223}
		{EED91204-02EC-4B52-AAF7-4945396CF94B} = {AA729693-B437-D1F0-D453-A817F88C4370}
		{B611CC27-D592-8FDF-F9F1-D39D131BCC02} = {0AB3BF05-4346-4AA6-1389-037BE0695223}
		{C69BBB78-A401-4CD9-8EA2-C92C7ED4373F} = {B611CC27-D592-8FDF-F9F1-D39D131BCC02}
		{2CDFC2B4-03A0-2A52-1000-A892D95DD3FA} = {0AB3BF05-4346-4AA6-1389-037BE0695223}
		{2BC8ED89-1E77-48BF-ABCB-75C680D9EA33} = {2CDFC2B4-03A0-2A52-1000-A892D95DD3FA}
		{A63B96E9-70FC-0FDC-3588-905A57B46513} = {0AB3BF05-4346-4AA6-1389-037BE0695223}
		{8E50DF78-AEBE-4027-8A91-853E6AC72102} = {A63B96E9-70FC-0FDC-3588-905A57B46513}
		{AFDD3D11-3A11-3EE8-303B-8532439C759A} = {0AB3BF05-4346-4AA6-1389-037BE0695223}
		{42A820D9-71D5-4CB6-900D-2EA994528F07} = {AFDD3D11-3A11-3EE8-303B-8532439C759A}
		{D3D86943-F5C8-529E-3A92-4AFE7D51AE3F} = {07C2787E-EAC7-C090-1BA3-A61EC2A24D84}
		{21A3BAD9-EB71-4750-BBFA-8021E142CB90} = {D3D86943-F5C8-529E-3A92-4AFE7D51AE3F}
		{18346877-65DC-0FB1-652E-EE105AAD1AAF} = {07C2787E-EAC7-C090-1BA3-A61EC2A24D84}
		{71BEA764-8379-4696-AF0C-2EB6F0A94758} = {18346877-65DC-0FB1-652E-EE105AAD1AAF}
	EndGlobalSection
EndGlobal
